dependencies:
  esp_lcd_touch_ft6336u:
    component_hash: 138d02834083097ab4243e115c5e689a8d101f88f363310c517fee327f712cc4
    dependencies:
    - name: idf
      version: '>=5.3'
    - name: espressif/cmake_utilities
      version: 0.*
    - name: espressif/esp_lcd_touch
      public: true
      version: ^1
    source:
      git: https://github.com/espressif/esp-iot-solution.git
      path: components/display/lcd_touch/esp_lcd_touch_ft6336u
      type: git
    version: ee4719d17032261777f929bbaf1808817f269b61
  espressif/cmake_utilities:
    component_hash: 351350613ceafba240b761b4ea991e0f231ac7a9f59a9ee901f751bddc0bb18f
    dependencies:
    - name: idf
      require: private
      version: '>=4.1'
    source:
      registry_url: https://components.espressif.com
      type: service
    version: 0.5.3
  espressif/esp_io_expander:
    component_hash: 7b7f91270172e46ca4597e3874f48d8412e280e8c295559f5922ec38656e3e5f
    dependencies:
    - name: idf
      require: private
      version: '>=4.4.2'
    source:
      registry_url: https://components.espressif.com
      type: service
    version: 1.2.1
  espressif/esp_lcd_gc9503:
    component_hash: 6940bf99cd08e7e8eb7ad5efbe88ebf9cc8eeb975fcf1c815d120956d06be940
    dependencies:
    - name: idf
      require: private
      version: '>5.0.4,!=5.1.1'
    - name: espressif/cmake_utilities
      registry_url: https://components.espressif.com
      require: private
      version: 0.*
    source:
      registry_url: https://components.espressif.com/
      type: service
    targets:
    - esp32s3
    version: 3.0.1
  espressif/esp_lcd_panel_io_additions:
    component_hash: 213d5c4a3c322a48c9f993d6bc2372206d34af95db34e87a3e02601bdcad7ce8
    dependencies:
    - name: idf
      require: private
      version: '>=4.4.2'
    - name: espressif/cmake_utilities
      registry_url: https://components.espressif.com
      require: private
      version: 0.*
    - name: espressif/esp_io_expander
      registry_url: https://components.espressif.com
      require: public
      version: ^1
    source:
      registry_url: https://components.espressif.com/
      type: service
    version: 1.0.1
  espressif/esp_lcd_touch:
    component_hash: 3f85a7d95af876f1a6ecca8eb90a81614890d0f03a038390804e5a77e2caf862
    dependencies:
    - name: idf
      require: private
      version: '>=4.4.2'
    source:
      registry_url: https://components.espressif.com/
      type: service
    version: 1.2.1
  espressif/esp_lvgl_port:
    component_hash: d3c020b45c3dfc0d1706a83b63a1c34a6eb444a6e935f9afff79f92b7b94dcef
    dependencies:
    - name: idf
      require: private
      version: '>=5.2'
    - name: lvgl/lvgl
      registry_url: https://components.espressif.com
      require: public
      version: '>=8,<10'
    source:
      registry_url: https://components.espressif.com/
      type: service
    version: 2.9.0
  idf:
    source:
      type: idf
    version: 6.1.0
  lvgl/lvgl:
    component_hash: d5e723db3a3feca71e34e333a6598b7624e3822577d374e1d44f0e18374952e1
    dependencies:
    - name: espressif/freetype
      registry_url: https://components.espressif.com
      require: private
      rules:
      - if: idf_version >=5.5 && $CONFIG{LV_USE_FREETYPE} == True
      version: ^2.14.3
    - name: espressif/libjpeg-turbo
      registry_url: https://components.espressif.com
      require: private
      rules:
      - if: idf_version >=5.5 && $CONFIG{LV_USE_LIBJPEG_TURBO} == True
      version: ^3.1.1
    - name: espressif/libpng
      registry_url: https://components.espressif.com
      require: private
      rules:
      - if: idf_version >=5.5 && $CONFIG{LV_USE_LIBPNG} == True
      version: ^1.6.58
    - name: espressif/lz4
      registry_url: https://components.espressif.com
      require: private
      rules:
      - if: idf_version >=5.5 && $CONFIG{LV_USE_LZ4} == True && $CONFIG{LV_USE_LZ4_INTERNAL} == False
      version: ^1.10.0
    source:
      registry_url: https://components.espressif.com/
      type: service
    version: 9.6.0
direct_dependencies:
- esp_lcd_touch_ft6336u
- espressif/esp_lcd_gc9503
- espressif/esp_lcd_panel_io_additions
- espressif/esp_lvgl_port
- idf
- lvgl/lvgl
manifest_hash: bbd5f32ab81a9afc4f3c934e90ffb6a4b8af84cb60027154a6ffa9d7b021b2d4
target: esp32s3
version: 3.0.0
